
Microsoft Visual Studio Solution File, Format Version 12.00
# Visual Studio 15
VisualStudioVersion = 15.0.28307.779
MinimumVisualStudioVersion = 10.0.40219.1
Project("{FAE04EC0-301F-11D3-BF4B-00C04F79EFBC}") = "WinBackgroundWorker", "BackgroundWalker\WinBackgroundWorker.csproj", "{36730A48-18AB-4792-89BB-E1272863038C}"
EndProject
Project("{FAE04EC0-301F-11D3-BF4B-00C04F79EFBC}") = "WinAsynchMethod", "WinAsynchMethod\WinAsynchMethod.csproj", "{816CD880-E562-407B-8E2F-1B12BC9F038B}"
EndProject
Global
	GlobalSection(SolutionConfigurationPlatforms) = preSolution
		Debug|Any CPU = Debug|Any CPU
		Release|Any CPU = Release|Any CPU
	EndGlobalSection
	GlobalSection(ProjectConfigurationPlatforms) = postSolution
		{36730A48-18AB-4792-89BB-E1272863038C}.Debug|Any CPU.ActiveCfg = Debug|Any CPU
		{36730A48-18AB-4792-89BB-E1272863038C}.Debug|Any CPU.Build.0 = Debug|Any CPU
		{36730A48-18AB-4792-89BB-E1272863038C}.Release|Any CPU.ActiveCfg = Release|Any CPU
		{36730A48-18AB-4792-89BB-E1272863038C}.Release|Any CPU.Build.0 = Release|Any CPU
		{816CD880-E562-407B-8E2F-1B12BC9F038B}.Debug|Any CPU.ActiveCfg = Debug|Any CPU
		{816CD880-E562-407B-8E2F-1B12BC9F038B}.Debug|Any CPU.Build.0 = Debug|Any CPU
		{816CD880-E562-407B-8E2F-1B12BC9F038B}.Release|Any CPU.ActiveCfg = Release|Any CPU
		{816CD880-E562-407B-8E2F-1B12BC9F038B}.Release|Any CPU.Build.0 = Release|Any CPU
	EndGlobalSection
	GlobalSection(SolutionProperties) = preSolution
		HideSolutionNode = FALSE
	EndGlobalSection
	GlobalSection(ExtensibilityGlobals) = postSolution
		SolutionGuid = {787DA6C5-40F0-4126-A407-7D87D20F09F1}
	EndGlobalSection
EndGlobal
